
Microsoft Visual Studio Solution File, Format Version 12.00
# Visual Studio Version 17
VisualStudioVersion = 17.14.36518.9 d17.14
MinimumVisualStudioVersion = 10.0.40219.1
Project("{FAE04EC0-301F-11D3-BF4B-00C04F79EFBC}") = "MDline", "MDline\MDline.csproj", "{4259B636-A6C1-4005-BC13-2726C6F958B5}"
EndProject
Global
	GlobalSection(SolutionConfigurationPlatforms) = preSolution
		Debug|Any CPU = Debug|Any CPU
		Release|Any CPU = Release|Any CPU
	EndGlobalSection
	GlobalSection(ProjectConfigurationPlatforms) = postSolution
		{4259B636-A6C1-4005-BC13-2726C6F958B5}.Debug|Any CPU.ActiveCfg = Debug|Any CPU
		{4259B636-A6C1-4005-BC13-2726C6F958B5}.Debug|Any CPU.Build.0 = Debug|Any CPU
		{4259B636-A6C1-4005-BC13-2726C6F958B5}.Release|Any CPU.ActiveCfg = Release|Any CPU
		{4259B636-A6C1-4005-BC13-2726C6F958B5}.Release|Any CPU.Build.0 = Release|Any CPU
	EndGlobalSection
	GlobalSection(SolutionProperties) = preSolution
		HideSolutionNode = FALSE
	EndGlobalSection
	GlobalSection(ExtensibilityGlobals) = postSolution
		SolutionGuid = {AF00E871-12CD-4942-8B46-AD4495309593}
	EndGlobalSection
EndGlobal
